PODS:
  - XMNWeb (0.1.0):
    - XMNWeb/Console (= 0.1.0)
  - XMNWeb/Bridge (0.1.0):
    - XMNWeb/Core
  - XMNWeb/Console (0.1.0):
    - XMNWeb/Bridge
  - XMNWeb/Core (0.1.0)

DEPENDENCIES:
  - XMNWeb (from `../`)

EXTERNAL SOURCES:
  XMNWeb:
    :path: ../

SPEC CHECKSUMS:
  XMNWeb: 50c58b0e9bde624677c0728f6906f8972e2bdc33

PODFILE CHECKSUM: 22f1b622dd4d4f6a2ea84a87dc9a72578e293b2c

COCOAPODS: 1.1.1
